
Microsoft Visual Studio Solution File, Format Version 12.00
# Visual Studio Version 17
VisualStudioVersion = 17.3.32929.385
MinimumVisualStudioVersion = 10.0.40219.1
Project("{9A19103F-16F7-4668-BE54-9A1E7A4F7556}") = "DataLibrary", "DataLibrary\DataLibrary.csproj", "{E8FA8A86-4380-43E8-BDC4-9ABA0B72EE01}"
EndProject
Project("{FAE04EC0-301F-11D3-BF4B-00C04F79EFBC}") = "WebManagement", "WebManagement\WebManagement.csproj", "{CEFA2EE2-47AD-4623-998E-1FE8D37AFC05}"
EndProject
Global
	GlobalSection(SolutionConfigurationPlatforms) = preSolution
		Debug|Any CPU = Debug|Any CPU
		Release|Any CPU = Release|Any CPU
	EndGlobalSection
	GlobalSection(ProjectConfigurationPlatforms) = postSolution
		{E8FA8A86-4380-43E8-BDC4-9ABA0B72EE01}.Debug|Any CPU.ActiveCfg = Debug|Any CPU
		{E8FA8A86-4380-43E8-BDC4-9ABA0B72EE01}.Debug|Any CPU.Build.0 = Debug|Any CPU
		{E8FA8A86-4380-43E8-BDC4-9ABA0B72EE01}.Release|Any CPU.ActiveCfg = Release|Any CPU
		{E8FA8A86-4380-43E8-BDC4-9ABA0B72EE01}.Release|Any CPU.Build.0 = Release|Any CPU
		{CEFA2EE2-47AD-4623-998E-1FE8D37AFC05}.Debug|Any CPU.ActiveCfg = Debug|Any CPU
		{CEFA2EE2-47AD-4623-998E-1FE8D37AFC05}.Debug|Any CPU.Build.0 = Debug|Any CPU
		{CEFA2EE2-47AD-4623-998E-1FE8D37AFC05}.Release|Any CPU.ActiveCfg = Release|Any CPU
		{CEFA2EE2-47AD-4623-998E-1FE8D37AFC05}.Release|Any CPU.Build.0 = Release|Any CPU
	EndGlobalSection
	GlobalSection(SolutionProperties) = preSolution
		HideSolutionNode = FALSE
	EndGlobalSection
	GlobalSection(ExtensibilityGlobals) = postSolution
		SolutionGuid = {2A507692-3B0A-4F14-9BD9-30B318715B07}
	EndGlobalSection
EndGlobal
